// !$*UTF8*$!
{
	archiveVersion = 1;
	classes = {
	};
	objectVersion = 56;
	objects = {

/* Begin PBXBuildFile section */
		2657F3C42AAB392C00F4E8BF /* SearchViewModel.swift in Sources */ = {isa = PBXBuildFile; fileRef = 2657F3C32AAB392C00F4E8BF /* SearchViewModel.swift */; };
		2657F3D22AADC1BD00F4E8BF /* SearchCoordinator.swift in Sources */ = {isa = PBXBuildFile; fileRef = 2657F3D12AADC1BD00F4E8BF /* SearchCoordinator.swift */; };
		2657F3D42AADC1ED00F4E8BF /* Coordinator.swift in Sources */ = {isa = PBXBuildFile; fileRef = 2657F3D32AADC1ED00F4E8BF /* Coordinator.swift */; };
		2657F3D62AADC74400F4E8BF /* BaseCoordinator.swift in Sources */ = {isa = PBXBuildFile; fileRef = 2657F3D52AADC74400F4E8BF /* BaseCoordinator.swift */; };
		2657F3D92AADC81F00F4E8BF /* Storyboarded.swift in Sources */ = {isa = PBXBuildFile; fileRef = 2657F3D82AADC81F00F4E8BF /* Storyboarded.swift */; };
		2657F3DB2AADD00F00F4E8BF /* AppCoordinator.swift in Sources */ = {isa = PBXBuildFile; fileRef = 2657F3DA2AADD00F00F4E8BF /* AppCoordinator.swift */; };
		267A656E2AAB272A00DDAF68 /* AppDelegate.swift in Sources */ = {isa = PBXBuildFile; fileRef = 267A656D2AAB272A00DDAF68 /* AppDelegate.swift */; };
		267A65702AAB272A00DDAF68 /* SceneDelegate.swift in Sources */ = {isa = PBXBuildFile; fileRef = 267A656F2AAB272A00DDAF68 /* SceneDelegate.swift */; };
		267A65722AAB272A00DDAF68 /* SearchViewController.swift in Sources */ = {isa = PBXBuildFile; fileRef = 267A65712AAB272A00DDAF68 /* SearchViewController.swift */; };
		267A65752AAB272A00DDAF68 /* Main.storyboard in Resources */ = {isa = PBXBuildFile; fileRef = 267A65732AAB272A00DDAF68 /* Main.storyboard */; };
		267A65772AAB272B00DDAF68 /* Assets.xcassets in Resources */ = {isa = PBXBuildFile; fileRef = 267A65762AAB272B00DDAF68 /* Assets.xcassets */; };
		267A657A2AAB272B00DDAF68 /* LaunchScreen.storyboard in Resources */ = {isa = PBXBuildFile; fileRef = 267A65782AAB272B00DDAF68 /* LaunchScreen.storyboard */; };
		3A42845027D9F17B92F06920 /* Pods_AirportsFinder.framework in Frameworks */ = {isa = PBXBuildFile; fileRef = 7F77F64C7BA663776E14E896 /* Pods_AirportsFinder.framework */; };
/* End PBXBuildFile section */

/* Begin PBXFileReference section */
		2657F3C32AAB392C00F4E8BF /* SearchViewModel.swift */ = {isa = PBXFileReference; lastKnownFileType = sourcecode.swift; path = SearchViewModel.swift; sourceTree = "<group>"; };
		2657F3D12AADC1BD00F4E8BF /* SearchCoordinator.swift */ = {isa = PBXFileReference; lastKnownFileType = sourcecode.swift; path = SearchCoordinator.swift; sourceTree = "<group>"; };
		2657F3D32AADC1ED00F4E8BF /* Coordinator.swift */ = {isa = PBXFileReference; lastKnownFileType = sourcecode.swift; path = Coordinator.swift; sourceTree = "<group>"; };
		2657F3D52AADC74400F4E8BF /* BaseCoordinator.swift */ = {isa = PBXFileReference; lastKnownFileType = sourcecode.swift; path = BaseCoordinator.swift; sourceTree = "<group>"; };
		2657F3D82AADC81F00F4E8BF /* Storyboarded.swift */ = {isa = PBXFileReference; lastKnownFileType = sourcecode.swift; path = Storyboarded.swift; sourceTree = "<group>"; };
		2657F3DA2AADD00F00F4E8BF /* AppCoordinator.swift */ = {isa = PBXFileReference; lastKnownFileType = sourcecode.swift; path = AppCoordinator.swift; sourceTree = "<group>"; };
		267A656A2AAB272A00DDAF68 /* AirportsFinder.app */ = {isa = PBXFileReference; explicitFileType = wrapper.application; includeInIndex = 0; path = AirportsFinder.app; sourceTree = BUILT_PRODUCTS_DIR; };
		267A656D2AAB272A00DDAF68 /* AppDelegate.swift */ = {isa = PBXFileReference; lastKnownFileType = sourcecode.swift; path = AppDelegate.swift; sourceTree = "<group>"; };
		267A656F2AAB272A00DDAF68 /* SceneDelegate.swift */ = {isa = PBXFileReference; lastKnownFileType = sourcecode.swift; path = SceneDelegate.swift; sourceTree = "<group>"; };
		267A65712AAB272A00DDAF68 /* SearchViewController.swift */ = {isa = PBXFileReference; lastKnownFileType = sourcecode.swift; path = SearchViewController.swift; sourceTree = "<group>"; };
		267A65742AAB272A00DDAF68 /* Base */ = {isa = PBXFileReference; lastKnownFileType = file.storyboard; name = Base; path = Base.lproj/Main.storyboard; sourceTree = "<group>"; };
		267A65762AAB272B00DDAF68 /* Assets.xcassets */ = {isa = PBXFileReference; lastKnownFileType = folder.assetcatalog; path = Assets.xcassets; sourceTree = "<group>"; };
		267A65792AAB272B00DDAF68 /* Base */ = {isa = PBXFileReference; lastKnownFileType = file.storyboard; name = Base; path = Base.lproj/LaunchScreen.storyboard; sourceTree = "<group>"; };
		267A657B2AAB272B00DDAF68 /* Info.plist */ = {isa = PBXFileReference; lastKnownFileType = text.plist.xml; path = Info.plist; sourceTree = "<group>"; };
		41A87C0A9C4C9C3D38FFF192 /* Pods-AirportsFinder.release.xcconfig */ = {isa = PBXFileReference; includeInIndex = 1; lastKnownFileType = text.xcconfig; name = "Pods-AirportsFinder.release.xcconfig"; path = "Target Support Files/Pods-AirportsFinder/Pods-AirportsFinder.release.xcconfig"; sourceTree = "<group>"; };
		7F77F64C7BA663776E14E896 /* Pods_AirportsFinder.framework */ = {isa = PBXFileReference; explicitFileType = wrapper.framework; includeInIndex = 0; path = Pods_AirportsFinder.framework; sourceTree = BUILT_PRODUCTS_DIR; };
		DC87CEEE5AD5B2AC10FB2716 /* Pods-AirportsFinder.debug.xcconfig */ = {isa = PBXFileReference; includeInIndex = 1; lastKnownFileType = text.xcconfig; name = "Pods-AirportsFinder.debug.xcconfig"; path = "Target Support Files/Pods-AirportsFinder/Pods-AirportsFinder.debug.xcconfig"; sourceTree = "<group>"; };
/* End PBXFileReference section */

/* Begin PBXFrameworksBuildPhase section */
		267A65672AAB272A00DDAF68 /* Frameworks */ = {
			isa = PBXFrameworksBuildPhase;
			buildActionMask = 2147483647;
			files = (
				3A42845027D9F17B92F06920 /* Pods_AirportsFinder.framework in Frameworks */,
			);
			runOnlyForDeploymentPostprocessing = 0;
		};
/* End PBXFrameworksBuildPhase section */

/* Begin PBXGroup section */
		10EF90810348F5DA3B187948 /* Pods */ = {
			isa = PBXGroup;
			children = (
				DC87CEEE5AD5B2AC10FB2716 /* Pods-AirportsFinder.debug.xcconfig */,
				41A87C0A9C4C9C3D38FFF192 /* Pods-AirportsFinder.release.xcconfig */,
			);
			path = Pods;
			sourceTree = "<group>";
		};
		2657F3C12AAB38BC00F4E8BF /* View */ = {
			isa = PBXGroup;
			children = (
				267A65712AAB272A00DDAF68 /* SearchViewController.swift */,
			);
			path = View;
			sourceTree = "<group>";
		};
		2657F3C22AAB38CE00F4E8BF /* ViewModel */ = {
			isa = PBXGroup;
			children = (
				2657F3C32AAB392C00F4E8BF /* SearchViewModel.swift */,
			);
			path = ViewModel;
			sourceTree = "<group>";
		};
		2657F3C52AAB5B7700F4E8BF /* Coordinators */ = {
			isa = PBXGroup;
			children = (
				2657F3D12AADC1BD00F4E8BF /* SearchCoordinator.swift */,
				2657F3D32AADC1ED00F4E8BF /* Coordinator.swift */,
				2657F3D52AADC74400F4E8BF /* BaseCoordinator.swift */,
				2657F3DA2AADD00F00F4E8BF /* AppCoordinator.swift */,
			);
			path = Coordinators;
			sourceTree = "<group>";
		};
		2657F3D72AADC80E00F4E8BF /* Shared */ = {
			isa = PBXGroup;
			children = (
				2657F3D82AADC81F00F4E8BF /* Storyboarded.swift */,
			);
			path = Shared;
			sourceTree = "<group>";
		};
		267A65612AAB272A00DDAF68 = {
			isa = PBXGroup;
			children = (
				267A656C2AAB272A00DDAF68 /* AirportsFinder */,
				267A656B2AAB272A00DDAF68 /* Products */,
				10EF90810348F5DA3B187948 /* Pods */,
				CBB91334527B69268CD964DD /* Frameworks */,
			);
			sourceTree = "<group>";
		};
		267A656B2AAB272A00DDAF68 /* Products */ = {
			isa = PBXGroup;
			children = (
				267A656A2AAB272A00DDAF68 /* AirportsFinder.app */,
			);
			name = Products;
			sourceTree = "<group>";
		};
		267A656C2AAB272A00DDAF68 /* AirportsFinder */ = {
			isa = PBXGroup;
			children = (
				2657F3D72AADC80E00F4E8BF /* Shared */,
				2657F3C52AAB5B7700F4E8BF /* Coordinators */,
				2657F3C22AAB38CE00F4E8BF /* ViewModel */,
				2657F3C12AAB38BC00F4E8BF /* View */,
				267A656D2AAB272A00DDAF68 /* AppDelegate.swift */,
				267A656F2AAB272A00DDAF68 /* SceneDelegate.swift */,
				267A65732AAB272A00DDAF68 /* Main.storyboard */,
				267A65762AAB272B00DDAF68 /* Assets.xcassets */,
				267A65782AAB272B00DDAF68 /* LaunchScreen.storyboard */,
				267A657B2AAB272B00DDAF68 /* Info.plist */,
			);
			path = AirportsFinder;
			sourceTree = "<group>";
		};
		CBB91334527B69268CD964DD /* Frameworks */ = {
			isa = PBXGroup;
			children = (
				7F77F64C7BA663776E14E896 /* Pods_AirportsFinder.framework */,
			);
			name = Frameworks;
			sourceTree = "<group>";
		};
/* End PBXGroup section */

/* Begin PBXNativeTarget section */
		267A65692AAB272A00DDAF68 /* AirportsFinder */ = {
			isa = PBXNativeTarget;
			buildConfigurationList = 267A657E2AAB272B00DDAF68 /* Build configuration list for PBXNativeTarget "AirportsFinder" */;
			buildPhases = (
				56AB06D1E7D33B6912CE569B /* [CP] Check Pods Manifest.lock */,
				267A65662AAB272A00DDAF68 /* Sources */,
				267A65672AAB272A00DDAF68 /* Frameworks */,
				267A65682AAB272A00DDAF68 /* Resources */,
				D7D1BDC7472290D911934CFB /* [CP] Embed Pods Frameworks */,
			);
			buildRules = (
			);
			dependencies = (
			);
			name = AirportsFinder;
			productName = AirportsFinder;
			productReference = 267A656A2AAB272A00DDAF68 /* AirportsFinder.app */;
			productType = "com.apple.product-type.application";
		};
/* End PBXNativeTarget section */

/* Begin PBXProject section */
		267A65622AAB272A00DDAF68 /* Project object */ = {
			isa = PBXProject;
			attributes = {
				BuildIndependentTargetsInParallel = 1;
				LastSwiftUpdateCheck = 1430;
				LastUpgradeCheck = 1430;
				TargetAttributes = {
					267A65692AAB272A00DDAF68 = {
						CreatedOnToolsVersion = 14.3.1;
					};
				};
			};
			buildConfigurationList = 267A65652AAB272A00DDAF68 /* Build configuration list for PBXProject "AirportsFinder" */;
			compatibilityVersion = "Xcode 14.0";
			developmentRegion = en;
			hasScannedForEncodings = 0;
			knownRegions = (
				en,
				Base,
			);
			mainGroup = 267A65612AAB272A00DDAF68;
			productRefGroup = 267A656B2AAB272A00DDAF68 /* Products */;
			projectDirPath = "";
			projectRoot = "";
			targets = (
				267A65692AAB272A00DDAF68 /* AirportsFinder */,
			);
		};
/* End PBXProject section */

/* Begin PBXResourcesBuildPhase section */
		267A65682AAB272A00DDAF68 /* Resources */ = {
			isa = PBXResourcesBuildPhase;
			buildActionMask = 2147483647;
			files = (
				267A657A2AAB272B00DDAF68 /* LaunchScreen.storyboard in Resources */,
				267A65772AAB272B00DDAF68 /* Assets.xcassets in Resources */,
				267A65752AAB272A00DDAF68 /* Main.storyboard in Resources */,
			);
			runOnlyForDeploymentPostprocessing = 0;
		};
/* End PBXResourcesBuildPhase section */

/* Begin PBXShellScriptBuildPhase section */
		56AB06D1E7D33B6912CE569B /* [CP] Check Pods Manifest.lock */ = {
			isa = PBXShellScriptBuildPhase;
			buildActionMask = 2147483647;
			files = (
			);
			inputFileListPaths = (
			);
			inputPaths = (
				"${PODS_PODFILE_DIR_PATH}/Podfile.lock",
				"${PODS_ROOT}/Manifest.lock",
			);
			name = "[CP] Check Pods Manifest.lock";
			outputFileListPaths = (
			);
			outputPaths = (
				"$(DERIVED_FILE_DIR)/Pods-AirportsFinder-checkManifestLockResult.txt",
			);
			runOnlyForDeploymentPostprocessing = 0;
			shellPath = /bin/sh;
			shellScript = "diff \"${PODS_PODFILE_DIR_PATH}/Podfile.lock\" \"${PODS_ROOT}/Manifest.lock\" > /dev/null\nif [ $? != 0 ] ; then\n    # print error to STDERR\n    echo \"error: The sandbox is not in sync with the Podfile.lock. Run 'pod install' or update your CocoaPods installation.\" >&2\n    exit 1\nfi\n# This output is used by Xcode 'outputs' to avoid re-running this script phase.\necho \"SUCCESS\" > \"${SCRIPT_OUTPUT_FILE_0}\"\n";
			showEnvVarsInLog = 0;
		};
		D7D1BDC7472290D911934CFB /* [CP] Embed Pods Frameworks */ = {
			isa = PBXShellScriptBuildPhase;
			buildActionMask = 2147483647;
			files = (
			);
			inputFileListPaths = (
				"${PODS_ROOT}/Target Support Files/Pods-AirportsFinder/Pods-AirportsFinder-frameworks-${CONFIGURATION}-input-files.xcfilelist",
			);
			name = "[CP] Embed Pods Frameworks";
			outputFileListPaths = (
				"${PODS_ROOT}/Target Support Files/Pods-AirportsFinder/Pods-AirportsFinder-frameworks-${CONFIGURATION}-output-files.xcfilelist",
			);
			runOnlyForDeploymentPostprocessing = 0;
			shellPath = /bin/sh;
			shellScript = "\"${PODS_ROOT}/Target Support Files/Pods-AirportsFinder/Pods-AirportsFinder-frameworks.sh\"\n";
			showEnvVarsInLog = 0;
		};
/* End PBXShellScriptBuildPhase section */

/* Begin PBXSourcesBuildPhase section */
		267A65662AAB272A00DDAF68 /* Sources */ = {
			isa = PBXSourcesBuildPhase;
			buildActionMask = 2147483647;
			files = (
				267A65722AAB272A00DDAF68 /* SearchViewController.swift in Sources */,
				2657F3D22AADC1BD00F4E8BF /* SearchCoordinator.swift in Sources */,
				2657F3D42AADC1ED00F4E8BF /* Coordinator.swift in Sources */,
				267A656E2AAB272A00DDAF68 /* AppDelegate.swift in Sources */,
				2657F3D92AADC81F00F4E8BF /* Storyboarded.swift in Sources */,
				2657F3D62AADC74400F4E8BF /* BaseCoordinator.swift in Sources */,
				2657F3DB2AADD00F00F4E8BF /* AppCoordinator.swift in Sources */,
				2657F3C42AAB392C00F4E8BF /* SearchViewModel.swift in Sources */,
				267A65702AAB272A00DDAF68 /* SceneDelegate.swift in Sources */,
			);
			runOnlyForDeploymentPostprocessing = 0;
		};
/* End PBXSourcesBuildPhase section */

/* Begin PBXVariantGroup section */
		267A65732AAB272A00DDAF68 /* Main.storyboard */ = {
			isa = PBXVariantGroup;
			children = (
				267A65742AAB272A00DDAF68 /* Base */,
			);
			name = Main.storyboard;
			sourceTree = "<group>";
		};
		267A65782AAB272B00DDAF68 /* LaunchScreen.storyboard */ = {
			isa = PBXVariantGroup;
			children = (
				267A65792AAB272B00DDAF68 /* Base */,
			);
			name = LaunchScreen.storyboard;
			sourceTree = "<group>";
		};
/* End PBXVariantGroup section */

/* Begin XCBuildConfiguration section */
		267A657C2AAB272B00DDAF68 /* Debug */ = {
			isa = XCBuildConfiguration;
			buildSettings = {
				ALWAYS_SEARCH_USER_PATHS = NO;
				CLANG_ANALYZER_NONNULL = YES;
				CLANG_ANALYZER_NUMBER_OBJECT_CONVERSION = YES_AGGRESSIVE;
				CLANG_CXX_LANGUAGE_STANDARD = "gnu++20";
				CLANG_ENABLE_MODULES = YES;
				CLANG_ENABLE_OBJC_ARC = YES;
				CLANG_ENABLE_OBJC_WEAK = YES;
				CLANG_WARN_BLOCK_CAPTURE_AUTORELEASING = YES;
				CLANG_WARN_BOOL_CONVERSION = YES;
				CLANG_WARN_COMMA = YES;
				CLANG_WARN_CONSTANT_CONVERSION = YES;
				CLANG_WARN_DEPRECATED_OBJC_IMPLEMENTATIONS = YES;
				CLANG_WARN_DIRECT_OBJC_ISA_USAGE = YES_ERROR;
				CLANG_WARN_DOCUMENTATION_COMMENTS = YES;
				CLANG_WARN_EMPTY_BODY = YES;
				CLANG_WARN_ENUM_CONVERSION = YES;
				CLANG_WARN_INFINITE_RECURSION = YES;
				CLANG_WARN_INT_CONVERSION = YES;
				CLANG_WARN_NON_LITERAL_NULL_CONVERSION = YES;
				CLANG_WARN_OBJC_IMPLICIT_RETAIN_SELF = YES;
				CLANG_WARN_OBJC_LITERAL_CONVERSION = YES;
				CLANG_WARN_OBJC_ROOT_CLASS = YES_ERROR;
				CLANG_WARN_QUOTED_INCLUDE_IN_FRAMEWORK_HEADER = YES;
				CLANG_WARN_RANGE_LOOP_ANALYSIS = YES;
				CLANG_WARN_STRICT_PROTOTYPES = YES;
				CLANG_WARN_SUSPICIOUS_MOVE = YES;
				CLANG_WARN_UNGUARDED_AVAILABILITY = YES_AGGRESSIVE;
				CLANG_WARN_UNREACHABLE_CODE = YES;
				CLANG_WARN__DUPLICATE_METHOD_MATCH = YES;
				COPY_PHASE_STRIP = NO;
				DEBUG_INFORMATION_FORMAT = dwarf;
				ENABLE_STRICT_OBJC_MSGSEND = YES;
				ENABLE_TESTABILITY = YES;
				GCC_C_LANGUAGE_STANDARD = gnu11;
				GCC_DYNAMIC_NO_PIC = NO;
				GCC_NO_COMMON_BLOCKS = YES;
				GCC_OPTIMIZATION_LEVEL = 0;
				GCC_PREPROCESSOR_DEFINITIONS = (
					"DEBUG=1",
					"$(inherited)",
				);
				GCC_WARN_64_TO_32_BIT_CONVERSION = YES;
				GCC_WARN_ABOUT_RETURN_TYPE = YES_ERROR;
				GCC_WARN_UNDECLARED_SELECTOR = YES;
				GCC_WARN_UNINITIALIZED_AUTOS = YES_AGGRESSIVE;
				GCC_WARN_UNUSED_FUNCTION = YES;
				GCC_WARN_UNUSED_VARIABLE = YES;
				IPHONEOS_DEPLOYMENT_TARGET = 16.4;
				MTL_ENABLE_DEBUG_INFO = INCLUDE_SOURCE;
				MTL_FAST_MATH = YES;
				ONLY_ACTIVE_ARCH = YES;
				SDKROOT = iphoneos;
				SWIFT_ACTIVE_COMPILATION_CONDITIONS = DEBUG;
				SWIFT_OPTIMIZATION_LEVEL = "-Onone";
			};
			name = Debug;
		};
		267A657D2AAB272B00DDAF68 /* Release */ = {
			isa = XCBuildConfiguration;
			buildSettings = {
				ALWAYS_SEARCH_USER_PATHS = NO;
				CLANG_ANALYZER_NONNULL = YES;
				CLANG_ANALYZER_NUMBER_OBJECT_CONVERSION = YES_AGGRESSIVE;
				CLANG_CXX_LANGUAGE_STANDARD = "gnu++20";
				CLANG_ENABLE_MODULES = YES;
				CLANG_ENABLE_OBJC_ARC = YES;
				CLANG_ENABLE_OBJC_WEAK = YES;
				CLANG_WARN_BLOCK_CAPTURE_AUTORELEASING = YES;
				CLANG_WARN_BOOL_CONVERSION = YES;
				CLANG_WARN_COMMA = YES;
				CLANG_WARN_CONSTANT_CONVERSION = YES;
				CLANG_WARN_DEPRECATED_OBJC_IMPLEMENTATIONS = YES;
				CLANG_WARN_DIRECT_OBJC_ISA_USAGE = YES_ERROR;
				CLANG_WARN_DOCUMENTATION_COMMENTS = YES;
				CLANG_WARN_EMPTY_BODY = YES;
				CLANG_WARN_ENUM_CONVERSION = YES;
				CLANG_WARN_INFINITE_RECURSION = YES;
				CLANG_WARN_INT_CONVERSION = YES;
				CLANG_WARN_NON_LITERAL_NULL_CONVERSION = YES;
				CLANG_WARN_OBJC_IMPLICIT_RETAIN_SELF = YES;
				CLANG_WARN_OBJC_LITERAL_CONVERSION = YES;
				CLANG_WARN_OBJC_ROOT_CLASS = YES_ERROR;
				CLANG_WARN_QUOTED_INCLUDE_IN_FRAMEWORK_HEADER = YES;
				CLANG_WARN_RANGE_LOOP_ANALYSIS = YES;
				CLANG_WARN_STRICT_PROTOTYPES = YES;
				CLANG_WARN_SUSPICIOUS_MOVE = YES;
				CLANG_WARN_UNGUARDED_AVAILABILITY = YES_AGGRESSIVE;
				CLANG_WARN_UNREACHABLE_CODE = YES;
				CLANG_WARN__DUPLICATE_METHOD_MATCH = YES;
				COPY_PHASE_STRIP = NO;
				DEBUG_INFORMATION_FORMAT = "dwarf-with-dsym";
				ENABLE_NS_ASSERTIONS = NO;
				ENABLE_STRICT_OBJC_MSGSEND = YES;
				GCC_C_LANGUAGE_STANDARD = gnu11;
				GCC_NO_COMMON_BLOCKS = YES;
				GCC_WARN_64_TO_32_BIT_CONVERSION = YES;
				GCC_WARN_ABOUT_RETURN_TYPE = YES_ERROR;
				GCC_WARN_UNDECLARED_SELECTOR = YES;
				GCC_WARN_UNINITIALIZED_AUTOS = YES_AGGRESSIVE;
				GCC_WARN_UNUSED_FUNCTION = YES;
				GCC_WARN_UNUSED_VARIABLE = YES;
				IPHONEOS_DEPLOYMENT_TARGET = 16.4;
				MTL_ENABLE_DEBUG_INFO = NO;
				MTL_FAST_MATH = YES;
				SDKROOT = iphoneos;
				SWIFT_COMPILATION_MODE = wholemodule;
				SWIFT_OPTIMIZATION_LEVEL = "-O";
				VALIDATE_PRODUCT = YES;
			};
			name = Release;
		};
		267A657F2AAB272B00DDAF68 /* Debug */ = {
			isa = XCBuildConfiguration;
			baseConfigurationReference = DC87CEEE5AD5B2AC10FB2716 /* Pods-AirportsFinder.debug.xcconfig */;
			buildSettings = {
				ASSETCATALOG_COMPILER_APPICON_NAME = AppIcon;
				ASSETCATALOG_COMPILER_GLOBAL_ACCENT_COLOR_NAME = AccentColor;
				CODE_SIGN_STYLE = Automatic;
				CURRENT_PROJECT_VERSION = 1;
				DEVELOPMENT_TEAM = 8822733446;
				GENERATE_INFOPLIST_FILE = YES;
				INFOPLIST_FILE = AirportsFinder/Info.plist;
				INFOPLIST_KEY_UIApplicationSupportsIndirectInputEvents = YES;
				INFOPLIST_KEY_UILaunchStoryboardName = LaunchScreen;
				INFOPLIST_KEY_UIMainStoryboardFile = Main;
				INFOPLIST_KEY_UISupportedInterfaceOrientations_iPad = "UIInterfaceOrientationPortrait UIInterfaceOrientationPortraitUpsideDown UIInterfaceOrientationLandscapeLeft UIInterfaceOrientationLandscapeRight";
				INFOPLIST_KEY_UISupportedInterfaceOrientations_iPhone = "UIInterfaceOrientationPortrait UIInterfaceOrientationLandscapeLeft UIInterfaceOrientationLandscapeRight";
				LD_RUNPATH_SEARCH_PATHS = (
					"$(inherited)",
					"@executable_path/Frameworks",
				);
				MARKETING_VERSION = 1.0;
				PRODUCT_BUNDLE_IDENTIFIER = com.zak.AirportsFinder;
				PRODUCT_NAME = "$(TARGET_NAME)";
				SWIFT_EMIT_LOC_STRINGS = YES;
				SWIFT_VERSION = 5.0;
				TARGETED_DEVICE_FAMILY = "1,2";
			};
			name = Debug;
		};
		267A65802AAB272B00DDAF68 /* Release */ = {
			isa = XCBuildConfiguration;
			baseConfigurationReference = 41A87C0A9C4C9C3D38FFF192 /* Pods-AirportsFinder.release.xcconfig */;
			buildSettings = {
				ASSETCATALOG_COMPILER_APPICON_NAME = AppIcon;
				ASSETCATALOG_COMPILER_GLOBAL_ACCENT_COLOR_NAME = AccentColor;
				CODE_SIGN_STYLE = Automatic;
				CURRENT_PROJECT_VERSION = 1;
				DEVELOPMENT_TEAM = 8822733446;
				GENERATE_INFOPLIST_FILE = YES;
				INFOPLIST_FILE = AirportsFinder/Info.plist;
				INFOPLIST_KEY_UIApplicationSupportsIndirectInputEvents = YES;
				INFOPLIST_KEY_UILaunchStoryboardName = LaunchScreen;
				INFOPLIST_KEY_UIMainStoryboardFile = Main;
				INFOPLIST_KEY_UISupportedInterfaceOrientations_iPad = "UIInterfaceOrientationPortrait UIInterfaceOrientationPortraitUpsideDown UIInterfaceOrientationLandscapeLeft UIInterfaceOrientationLandscapeRight";
				INFOPLIST_KEY_UISupportedInterfaceOrientations_iPhone = "UIInterfaceOrientationPortrait UIInterfaceOrientationLandscapeLeft UIInterfaceOrientationLandscapeRight";
				LD_RUNPATH_SEARCH_PATHS = (
					"$(inherited)",
					"@executable_path/Frameworks",
				);
				MARKETING_VERSION = 1.0;
				PRODUCT_BUNDLE_IDENTIFIER = com.zak.AirportsFinder;
				PRODUCT_NAME = "$(TARGET_NAME)";
				SWIFT_EMIT_LOC_STRINGS = YES;
				SWIFT_VERSION = 5.0;
				TARGETED_DEVICE_FAMILY = "1,2";
			};
			name = Release;
		};
/* End XCBuildConfiguration section */

/* Begin XCConfigurationList section */
		267A65652AAB272A00DDAF68 /* Build configuration list for PBXProject "AirportsFinder" */ = {
			isa = XCConfigurationList;
			buildConfigurations = (
				267A657C2AAB272B00DDAF68 /* Debug */,
				267A657D2AAB272B00DDAF68 /* Release */,
			);
			defaultConfigurationIsVisible = 0;
			defaultConfigurationName = Release;
		};
		267A657E2AAB272B00DDAF68 /* Build configuration list for PBXNativeTarget "AirportsFinder" */ = {
			isa = XCConfigurationList;
			buildConfigurations = (
				267A657F2AAB272B00DDAF68 /* Debug */,
				267A65802AAB272B00DDAF68 /* Release */,
			);
			defaultConfigurationIsVisible = 0;
			defaultConfigurationName = Release;
		};
/* End XCConfigurationList section */
	};
	rootObject = 267A65622AAB272A00DDAF68 /* Project object */;
}
